id: ieee80211_sync
label: sync
category: '[ieee80211]'

templates:
  imports: from gnuradio import ieee80211
  make: ieee80211.sync()

inputs:
- label: trigger
  domain: stream
  dtype: byte
#  vlen: ...
#  optional: ...
- label: inConj
  domain: stream
  dtype: complex
- label: inSig
  domain: stream
  dtype: complex


outputs:
- label: sync
  domain: stream
  dtype: byte
#  vlen: ...
#  optional: ...
# - label: outCfo
#   domain: stream
#   dtype: float

#  'file_format' specifies the version of the GRC yml format used in the file
#  and should usually not be changed.
file_format: 1
