id: ieee80211_encode
label: encode
category: '[ieee80211]'

templates:
  imports: from gnuradio import ieee80211
  make: ieee80211.encode(${tag})

parameters:
- id: tag
  label: Length tag name
  dtype: string
  default: packet_len

inputs:
- domain: message
  id: pdus

outputs:
- label: outBits1
  domain: stream
  dtype: byte
- label: outBits2
  domain: stream
  dtype: byte


file_format: 1
