id: presisocu
label: preproccu
category: '[ieee80211]'

parameters: []

inputs:
-   label: prein
    dtype: complex
    vlen: 1

outputs:
-   label: preac
    dtype: float
    vlen: 1
-   label: preconj
    dtype: complex
    vlen: 1

templates:
    imports: 'from presisocu import presisocu  # grc-generated hier_block'
    make: presisocu()
    callbacks: []

documentation: /home/cloud/sdr/gr-ieee80211/examples/presisocu.py
grc_source: /home/cloud/sdr/gr-ieee80211/examples/presisocu.grc

file_format: 1
